# This file is @generated by PDM.
# It is not intended for manual editing.

[metadata]
groups = ["default"]
strategy = ["inherit_metadata"]
lock_version = "4.5.0"
content_hash = "sha256:eca15604693d6f5ce0b2f4935b9524a898317d10f0727f3b8be3192ae27fd078"

[[metadata.targets]]
requires_python = "==3.14.*"

[[package]]
name = "asgiref"
version = "3.11.1"
requires_python = ">=3.9"
summary = "ASGI specs, helper code, and adapters"
groups = ["default"]
dependencies = [
    "typing-extensions>=4; python_version < \"3.11\"",
]
files = [
    {file = "asgiref-3.11.1-py3-none-any.whl", hash = "sha256:e8667a091e69529631969fd45dc268fa79b99c92c5fcdda727757e52146ec133"},
    {file = "asgiref-3.11.1.tar.gz", hash = "sha256:5f184dc43b7e763efe848065441eac62229c9f7b0475f41f80e207a114eda4ce"},
]

[[package]]
name = "django"
version = "6.0.5"
requires_python = ">=3.12"
summary = "A high-level Python web framework that encourages rapid development and clean, pragmatic design."
groups = ["default"]
dependencies = [
    "asgiref>=3.9.1",
    "sqlparse>=0.5.0",
    "tzdata; sys_platform == \"win32\"",
]
files = [
    {file = "django-6.0.5-py3-none-any.whl", hash = "sha256:9d58a7cb49244e74c8e161d5e403a46d6209f1009ba40f5a66d6aa0d0786a8f0"},
    {file = "django-6.0.5.tar.gz", hash = "sha256:bc6d6872e98a2864c836e42edd644b362db311147dd5aa8d5b82ba7a032f5269"},
]

[[package]]
name = "frontmatter"
version = "3.0.8"
summary = "Extract YAML frontmatter from files and strings."
groups = ["default"]
dependencies = [
    "PyYAML==5.1",
]
files = [
    {file = "frontmatter-3.0.8.tar.gz", hash = "sha256:d913619d20f607e03557d52a8bf9b249e0b3093c770c5213c0f1231d2c97fe73"},
]

[[package]]
name = "hjson"
version = "3.1.0"
summary = "Hjson, a user interface for JSON."
groups = ["default"]
files = [
    {file = "hjson-3.1.0-py3-none-any.whl", hash = "sha256:65713cdcf13214fb554eb8b4ef803419733f4f5e551047c9b711098ab7186b89"},
    {file = "hjson-3.1.0.tar.gz", hash = "sha256:55af475a27cf83a7969c808399d7bccdec8fb836a07ddbd574587593b9cdcf75"},
]

[[package]]
name = "latex2mathml"
version = "3.81.0"
requires_python = ">=3.10"
summary = "Pure Python library for LaTeX to MathML conversion"
groups = ["default"]
marker = "python_version >= \"3.8.1\""
files = [
    {file = "latex2mathml-3.81.0-py3-none-any.whl", hash = "sha256:d317710393fe20579aea39cfe8928fa2ad9b8780896e585326c75e89c1d1d1a4"},
    {file = "latex2mathml-3.81.0.tar.gz", hash = "sha256:4b959cdc3cac8686bc0e3e5aece8127dfb1b81ca1241bed8e00ef31b82bb4022"},
]

[[package]]
name = "markdown-it-py"
version = "4.2.0"
requires_python = ">=3.10"
summary = "Python port of markdown-it. Markdown parsing, done right!"
groups = ["default"]
dependencies = [
    "mdurl~=0.1",
]
files = [
    {file = "markdown_it_py-4.2.0-py3-none-any.whl", hash = "sha256:9f7ebbcd14fe59494226453aed97c1070d83f8d24b6fc3a3bcf9a38092641c4a"},
    {file = "markdown_it_py-4.2.0.tar.gz", hash = "sha256:04a21681d6fbb623de53f6f364d352309d4094dd4194040a10fd51833e418d49"},
]

[[package]]
name = "markdown2"
version = "2.5.5"
requires_python = "<4,>=3.9"
summary = "A fast and complete Python implementation of Markdown"
groups = ["default"]
files = [
    {file = "markdown2-2.5.5-py3-none-any.whl", hash = "sha256:be798587e09d1f52d2e4d96a649c4b82a778c75f9929aad52a2c95747fa26941"},
    {file = "markdown2-2.5.5.tar.gz", hash = "sha256:001547e68f6e7fcf0f1cb83f7e82f48aa7d48b2c6a321f0cd20a853a8a2d1664"},
]

[[package]]
name = "markdown2"
version = "2.5.5"
extras = ["all"]
requires_python = "<4,>=3.9"
summary = "A fast and complete Python implementation of Markdown"
groups = ["default"]
dependencies = [
    "latex2mathml; python_version >= \"3.8.1\"",
    "markdown2==2.5.5",
    "pygments>=2.7.3",
    "wavedrom",
]
files = [
    {file = "markdown2-2.5.5-py3-none-any.whl", hash = "sha256:be798587e09d1f52d2e4d96a649c4b82a778c75f9929aad52a2c95747fa26941"},
    {file = "markdown2-2.5.5.tar.gz", hash = "sha256:001547e68f6e7fcf0f1cb83f7e82f48aa7d48b2c6a321f0cd20a853a8a2d1664"},
]

[[package]]
name = "mdurl"
version = "0.1.2"
requires_python = ">=3.7"
summary = "Markdown URL utilities"
groups = ["default"]
files = [
    {file = "mdurl-0.1.2-py3-none-any.whl", hash = "sha256:84008a41e51615a49fc9966191ff91509e3c40b939176e643fd50a5c2196b8f8"},
    {file = "mdurl-0.1.2.tar.gz", hash = "sha256:bb413d29f5eea38f31dd4754dd7377d4465116fb207585f97bf925588687c1ba"},
]

[[package]]
name = "pendulum"
version = "3.2.0"
requires_python = ">=3.9"
summary = "Python datetimes made easy"
groups = ["default"]
dependencies = [
    "python-dateutil>=2.6",
    "tzdata>=2020.1",
]
files = [
    {file = "pendulum-3.2.0-cp314-cp314-macosx_10_12_x86_64.whl", hash = "sha256:c17ac069e88c5a1e930a5ae0ef17357a14b9cc5a28abadda74eaa8106d241c8e"},
    {file = "pendulum-3.2.0-cp314-cp314-macosx_11_0_arm64.whl", hash = "sha256:e1fbb540edecb21f8244aebfb05a1f2333ddc6c7819378c099d4a61cc91ae93c"},
    {file = "pendulum-3.2.0-cp314-cp314-manylinux_2_17_aarch64.manylinux2014_aarch64.whl", hash = "sha256:a8c67fb9a1fe8fc1adae2cc01b0c292b268c12475b4609ff4aed71c9dd367b4d"},
    {file = "pendulum-3.2.0-cp314-cp314-manylinux_2_17_ppc64le.manylinux2014_ppc64le.whl", hash = "sha256:baa9a66c980defda6cfe1275103a94b22e90d83ebd7a84cc961cee6cbd25a244"},
    {file = "pendulum-3.2.0-cp314-cp314-manylinux_2_17_s390x.manylinux2014_s390x.whl", hash = "sha256:ef8f783fa7a14973b0596d8af2a5b2d90858a55030e9b4c6885eb4284b88314f"},
    {file = "pendulum-3.2.0-cp314-cp314-manylinux_2_17_x86_64.manylinux2014_x86_64.whl", hash = "sha256:a7d2e9bfb065727d8676e7ada3793b47a24349500a5e9637404355e482c822be"},
    {file = "pendulum-3.2.0-cp314-cp314-musllinux_1_1_aarch64.whl", hash = "sha256:55d7ba6bb74171c3ee409bf30076ee3a259a3c2bb147ac87ebb76aaa3cf5d3a2"},
    {file = "pendulum-3.2.0-cp314-cp314-musllinux_1_1_x86_64.whl", hash = "sha256:a50d8cf42f06d3d8c3f8bb2a7ac47fa93b5145e69de6a7209be6a47afdd9cf76"},
    {file = "pendulum-3.2.0-cp314-cp314-win_amd64.whl", hash = "sha256:e5bbb92b155cd5018b3cf70ee49ed3b9c94398caaaa7ed97fe41e5bb5a968418"},
    {file = "pendulum-3.2.0-cp314-cp314-win_arm64.whl", hash = "sha256:d53134418e04335c3029a32e9341cccc9b085a28744fb5ee4e6a8f5039363b1a"},
    {file = "pendulum-3.2.0-py3-none-any.whl", hash = "sha256:f3a9c18a89b4d9ef39c5fa6a78722aaff8d5be2597c129a3b16b9f40a561acf3"},
    {file = "pendulum-3.2.0.tar.gz", hash = "sha256:e80feda2d10fa3ff8b1526715f7d33dcb7e08494b3088f2c8a3ac92d4a4331ce"},
]

[[package]]
name = "piou"
version = "0.34.1"
requires_python = ">=3.10"
summary = "A CLI toolkit"
groups = ["default"]
dependencies = [
    "rich<15.0,>=10.11.0",
    "typing-extensions>=4.4.0",
]
files = [
    {file = "piou-0.34.1-py3-none-any.whl", hash = "sha256:313cd36a7417422ead14036c1fcb7c58f44e988425c7aca62f9bdf042a311aab"},
    {file = "piou-0.34.1.tar.gz", hash = "sha256:1b763e7f05e236c8cc5d9f453765a46b5e4f3057b2ddb96d4f5de11bc916d2e3"},
]

[[package]]
name = "pubcrank-cli"
version = "0.9.0"
requires_python = ">=3.13"
summary = "PubCrank CMS CLI"
groups = ["default"]
dependencies = [
    "django>=5.2.1",
    "pubcrank-django-app>=0.12.0",
]
files = [
    {file = "pubcrank_cli-0.9.0-py3-none-any.whl", hash = "sha256:ce6377c78630d3ee7f567a5438c719bf47de612c8e18afb80fa00dfcf82dc93d"},
    {file = "pubcrank_cli-0.9.0.tar.gz", hash = "sha256:9fce7ede95644588b3450dd13eb0bfaead9173dfdaaa30c88ead6f71ddddd76b"},
]

[[package]]
name = "pubcrank-django-app"
version = "0.12.0"
requires_python = ">=3.13"
summary = "PubCrank CMS Django App"
groups = ["default"]
dependencies = [
    "hjson>=3.1.0",
    "markdown2[all]>=2.5.3",
    "pendulum>=3.1.0",
    "piou>=0.16.2",
    "python-frontmatter>=1.1.0",
]
files = [
    {file = "pubcrank_django_app-0.12.0-py3-none-any.whl", hash = "sha256:fe19e2aea05e63e6459bcf1a3fc34792d59c6282d09bcfa739f79c38a7be3447"},
    {file = "pubcrank_django_app-0.12.0.tar.gz", hash = "sha256:ef812d03fa19b88a1175ac08469731ab45e0904bb25be73c4382237483c92909"},
]

[[package]]
name = "pygments"
version = "2.20.0"
requires_python = ">=3.9"
summary = "Pygments is a syntax highlighting package written in Python."
groups = ["default"]
files = [
    {file = "pygments-2.20.0-py3-none-any.whl", hash = "sha256:81a9e26dd42fd28a23a2d169d86d7ac03b46e2f8b59ed4698fb4785f946d0176"},
    {file = "pygments-2.20.0.tar.gz", hash = "sha256:6757cd03768053ff99f3039c1a36d6c0aa0b263438fcab17520b30a303a82b5f"},
]

[[package]]
name = "python-dateutil"
version = "2.9.0.post0"
requires_python = "!=3.0.*,!=3.1.*,!=3.2.*,>=2.7"
summary = "Extensions to the standard Python datetime module"
groups = ["default"]
dependencies = [
    "six>=1.5",
]
files = [
    {file = "python-dateutil-2.9.0.post0.tar.gz", hash = "sha256:37dd54208da7e1cd875388217d5e00ebd4179249f90fb72437e91a35459a0ad3"},
    {file = "python_dateutil-2.9.0.post0-py2.py3-none-any.whl", hash = "sha256:a8b2bc7bffae282281c8140a97d3aa9c14da0b136dfe83f850eea9a5f7470427"},
]

[[package]]
name = "python-frontmatter"
version = "1.2.0"
summary = "Parse and manage posts with YAML (or other) frontmatter"
groups = ["default"]
dependencies = [
    "PyYAML",
]
files = [
    {file = "python_frontmatter-1.2.0-py3-none-any.whl", hash = "sha256:e1ee1d4300450a2f84e778eb4f70edf573da6cd7d463801066f05edc4e819c78"},
    {file = "python_frontmatter-1.2.0.tar.gz", hash = "sha256:5b26ccd3cb85af77feb11d83b922c7bb5aeccb0c9d3fb236b938c600b6322984"},
]

[[package]]
name = "pyyaml"
version = "5.1"
requires_python = ">=2.7, !=3.0.*, !=3.1.*, !=3.2.*, !=3.3.*"
summary = "YAML parser and emitter for Python"
groups = ["default"]
files = [
    {file = "PyYAML-5.1.tar.gz", hash = "sha256:436bc774ecf7c103814098159fbb84c2715d25980175292c648f2da143909f95"},
]

[[package]]
name = "rich"
version = "14.3.4"
requires_python = ">=3.8.0"
summary = "Render rich text, tables, progress bars, syntax highlighting, markdown and more to the terminal"
groups = ["default"]
dependencies = [
    "markdown-it-py>=2.2.0",
    "pygments<3.0.0,>=2.13.0",
]
files = [
    {file = "rich-14.3.4-py3-none-any.whl", hash = "sha256:07e7adb4690f68864777b1450859253bed81a99a31ac321ac1817b2313558952"},
    {file = "rich-14.3.4.tar.gz", hash = "sha256:817e02727f2b25b40ef56f5aa2217f400c8489f79ca8f46ea2b70dd5e14558a9"},
]

[[package]]
name = "six"
version = "1.17.0"
requires_python = "!=3.0.*,!=3.1.*,!=3.2.*,>=2.7"
summary = "Python 2 and 3 compatibility utilities"
groups = ["default"]
files = [
    {file = "six-1.17.0-py2.py3-none-any.whl", hash = "sha256:4721f391ed90541fddacab5acf947aa0d3dc7d27b2e1e8eda2be8970586c3274"},
    {file = "six-1.17.0.tar.gz", hash = "sha256:ff70335d468e7eb6ec65b95b99d3a2836546063f63acc5171de367e834932a81"},
]

[[package]]
name = "sqlparse"
version = "0.5.5"
requires_python = ">=3.8"
summary = "A non-validating SQL parser."
groups = ["default"]
files = [
    {file = "sqlparse-0.5.5-py3-none-any.whl", hash = "sha256:12a08b3bf3eec877c519589833aed092e2444e68240a3577e8e26148acc7b1ba"},
    {file = "sqlparse-0.5.5.tar.gz", hash = "sha256:e20d4a9b0b8585fdf63b10d30066c7c94c5d7a7ec47c889a2d83a3caa93ff28e"},
]

[[package]]
name = "svgwrite"
version = "1.4.3"
requires_python = ">=3.6"
summary = "A Python library to create SVG drawings."
groups = ["default"]
files = [
    {file = "svgwrite-1.4.3-py3-none-any.whl", hash = "sha256:bb6b2b5450f1edbfa597d924f9ac2dd099e625562e492021d7dd614f65f8a22d"},
    {file = "svgwrite-1.4.3.zip", hash = "sha256:a8fbdfd4443302a6619a7f76bc937fc683daf2628d9b737c891ec08b8ce524c3"},
]

[[package]]
name = "typing-extensions"
version = "4.15.0"
requires_python = ">=3.9"
summary = "Backported and Experimental Type Hints for Python 3.9+"
groups = ["default"]
files = [
    {file = "typing_extensions-4.15.0-py3-none-any.whl", hash = "sha256:f0fa19c6845758ab08074a0cfa8b7aecb71c999ca73d62883bc25cc018c4e548"},
    {file = "typing_extensions-4.15.0.tar.gz", hash = "sha256:0cea48d173cc12fa28ecabc3b837ea3cf6f38c6d1136f85cbaaf598984861466"},
]

[[package]]
name = "tzdata"
version = "2026.2"
requires_python = ">=2"
summary = "Provider of IANA time zone data"
groups = ["default"]
files = [
    {file = "tzdata-2026.2-py2.py3-none-any.whl", hash = "sha256:bbe9af844f658da81a5f95019480da3a89415801f6cc966806612cc7169bffe7"},
    {file = "tzdata-2026.2.tar.gz", hash = "sha256:9173fde7d80d9018e02a662e168e5a2d04f87c41ea174b139fbef642eda62d10"},
]

[[package]]
name = "wavedrom"
version = "2.0.3.post3"
summary = "WaveDrom compatible python command line"
groups = ["default"]
dependencies = [
    "pyyaml",
    "six",
    "svgwrite",
]
files = [
    {file = "wavedrom-2.0.3.post3.tar.gz", hash = "sha256:327b4d5dca593c81257c202fea516f7a908747fb11527c359f034f5b7af7f47b"},
]
